// !$*UTF8*$!
{
	archiveVersion = 1;
	classes = {
	};
	objectVersion = 46;
	objects = {

/* Begin PBXBuildFile section */
		2DE263701ADB7CD500434561 /* main.m in Sources */ = {isa = PBXBuildFile; fileRef = 2DE2636F1ADB7CD500434561 /* main.m */; };
		2DE263731ADB7CD500434561 /* AppDelegate.m in Sources */ = {isa = PBXBuildFile; fileRef = 2DE263721ADB7CD500434561 /* AppDelegate.m */; };
		2DE2637B1ADB7CD500434561 /* Images.xcassets in Resources */ = {isa = PBXBuildFile; fileRef = 2DE2637A1ADB7CD500434561 /* Images.xcassets */; };
		2DE2637E1ADB7CD500434561 /* LaunchScreen.xib in Resources */ = {isa = PBXBuildFile; fileRef = 2DE2637C1ADB7CD500434561 /* LaunchScreen.xib */; };
		2DE2638A1ADB7CD500434561 /* starter_kitTests.m in Sources */ = {isa = PBXBuildFile; fileRef = 2DE263891ADB7CD500434561 /* starter_kitTests.m */; };
		2DE263951ADB7E2D00434561 /* HomeController.m in Sources */ = {isa = PBXBuildFile; fileRef = 2DE263941ADB7E2D00434561 /* HomeController.m */; };
		2DE263971ADB7F6900434561 /* Podfile in Resources */ = {isa = PBXBuildFile; fileRef = 2DE263961ADB7F6900434561 /* Podfile */; };
		FCA5FCD4D8754EC18FB17A43 /* libPods.a in Frameworks */ = {isa = PBXBuildFile; fileRef = B96D66B2D9297B7731BBCC99 /* libPods.a */; };
/* End PBXBuildFile section */

/* Begin PBXContainerItemProxy section */
		2DE263841ADB7CD500434561 /* PBXContainerItemProxy */ = {
			isa = PBXContainerItemProxy;
			containerPortal = 2DE263621ADB7CD500434561 /* Project object */;
			proxyType = 1;
			remoteGlobalIDString = 2DE263691ADB7CD500434561;
			remoteInfo = "starter-kit";
		};
/* End PBXContainerItemProxy section */

/* Begin PBXFileReference section */
		2D6C066F1ADB80BB000E8025 /* PrefixHeader.pch */ = {isa = PBXFileReference; fileEncoding = 4; lastKnownFileType = sourcecode.c.h; path = PrefixHeader.pch; sourceTree = "<group>"; };
		2DE2636A1ADB7CD500434561 /* starter-kit.app */ = {isa = PBXFileReference; explicitFileType = wrapper.application; includeInIndex = 0; path = "starter-kit.app"; sourceTree = BUILT_PRODUCTS_DIR; };
		2DE2636E1ADB7CD500434561 /* Info.plist */ = {isa = PBXFileReference; lastKnownFileType = text.plist.xml; path = Info.plist; sourceTree = "<group>"; };
		2DE2636F1ADB7CD500434561 /* main.m */ = {isa = PBXFileReference; lastKnownFileType = sourcecode.c.objc; path = main.m; sourceTree = "<group>"; };
		2DE263711ADB7CD500434561 /* AppDelegate.h */ = {isa = PBXFileReference; lastKnownFileType = sourcecode.c.h; path = AppDelegate.h; sourceTree = "<group>"; };
		2DE263721ADB7CD500434561 /* AppDelegate.m */ = {isa = PBXFileReference; lastKnownFileType = sourcecode.c.objc; path = AppDelegate.m; sourceTree = "<group>"; };
		2DE2637A1ADB7CD500434561 /* Images.xcassets */ = {isa = PBXFileReference; lastKnownFileType = folder.assetcatalog; path = Images.xcassets; sourceTree = "<group>"; };
		2DE2637D1ADB7CD500434561 /* Base */ = {isa = PBXFileReference; lastKnownFileType = file.xib; name = Base; path = Base.lproj/LaunchScreen.xib; sourceTree = "<group>"; };
		2DE263831ADB7CD500434561 /* starter-kitTests.xctest */ = {isa = PBXFileReference; explicitFileType = wrapper.cfbundle; includeInIndex = 0; path = "starter-kitTests.xctest"; sourceTree = BUILT_PRODUCTS_DIR; };
		2DE263881ADB7CD500434561 /* Info.plist */ = {isa = PBXFileReference; lastKnownFileType = text.plist.xml; path = Info.plist; sourceTree = "<group>"; };
		2DE263891ADB7CD500434561 /* starter_kitTests.m */ = {isa = PBXFileReference; lastKnownFileType = sourcecode.c.objc; path = starter_kitTests.m; sourceTree = "<group>"; };
		2DE263931ADB7E2D00434561 /* HomeController.h */ = {isa = PBXFileReference; fileEncoding = 4; lastKnownFileType = sourcecode.c.h; path = HomeController.h; sourceTree = "<group>"; };
		2DE263941ADB7E2D00434561 /* HomeController.m */ = {isa = PBXFileReference; fileEncoding = 4; lastKnownFileType = sourcecode.c.objc; path = HomeController.m; sourceTree = "<group>"; };
		2DE263961ADB7F6900434561 /* Podfile */ = {isa = PBXFileReference; fileEncoding = 4; lastKnownFileType = text; path = Podfile; sourceTree = SOURCE_ROOT; xcLanguageSpecificationIdentifier = xcode.lang.ruby; };
		6999E117A12B6101BFC884F3 /* Pods.release.xcconfig */ = {isa = PBXFileReference; includeInIndex = 1; lastKnownFileType = text.xcconfig; name = Pods.release.xcconfig; path = "Pods/Target Support Files/Pods/Pods.release.xcconfig"; sourceTree = "<group>"; };
		B58C64F1D2DF50E86F534D6A /* Pods.debug.xcconfig */ = {isa = PBXFileReference; includeInIndex = 1; lastKnownFileType = text.xcconfig; name = Pods.debug.xcconfig; path = "Pods/Target Support Files/Pods/Pods.debug.xcconfig"; sourceTree = "<group>"; };
		B96D66B2D9297B7731BBCC99 /* libPods.a */ = {isa = PBXFileReference; explicitFileType = archive.ar; includeInIndex = 0; path = libPods.a; sourceTree = BUILT_PRODUCTS_DIR; };
/* End PBXFileReference section */

/* Begin PBXFrameworksBuildPhase section */
		2DE263671ADB7CD500434561 /* Frameworks */ = {
			isa = PBXFrameworksBuildPhase;
			buildActionMask = 2147483647;
			files = (
				FCA5FCD4D8754EC18FB17A43 /* libPods.a in Frameworks */,
			);
			runOnlyForDeploymentPostprocessing = 0;
		};
		2DE263801ADB7CD500434561 /* Frameworks */ = {
			isa = PBXFrameworksBuildPhase;
			buildActionMask = 2147483647;
			files = (
			);
			runOnlyForDeploymentPostprocessing = 0;
		};
/* End PBXFrameworksBuildPhase section */

/* Begin PBXGroup section */
		2DE263611ADB7CD500434561 = {
			isa = PBXGroup;
			children = (
				2DE2636C1ADB7CD500434561 /* starter-kit */,
				2DE263861ADB7CD500434561 /* starter-kitTests */,
				2DE2636B1ADB7CD500434561 /* Products */,
				98EED5B04A180294CD0F198D /* Pods */,
				60001F6223CF78A9A3964E82 /* Frameworks */,
			);
			sourceTree = "<group>";
		};
		2DE2636B1ADB7CD500434561 /* Products */ = {
			isa = PBXGroup;
			children = (
				2DE2636A1ADB7CD500434561 /* starter-kit.app */,
				2DE263831ADB7CD500434561 /* starter-kitTests.xctest */,
			);
			name = Products;
			sourceTree = "<group>";
		};
		2DE2636C1ADB7CD500434561 /* starter-kit */ = {
			isa = PBXGroup;
			children = (
				2DE263711ADB7CD500434561 /* AppDelegate.h */,
				2DE263721ADB7CD500434561 /* AppDelegate.m */,
				2DE263931ADB7E2D00434561 /* HomeController.h */,
				2DE263941ADB7E2D00434561 /* HomeController.m */,
				2DE2637A1ADB7CD500434561 /* Images.xcassets */,
				2DE2637C1ADB7CD500434561 /* LaunchScreen.xib */,
				2DE263961ADB7F6900434561 /* Podfile */,
				2DE2636D1ADB7CD500434561 /* Supporting Files */,
			);
			path = "starter-kit";
			sourceTree = "<group>";
		};
		2DE2636D1ADB7CD500434561 /* Supporting Files */ = {
			isa = PBXGroup;
			children = (
				2DE2636E1ADB7CD500434561 /* Info.plist */,
				2DE2636F1ADB7CD500434561 /* main.m */,
				2D6C066F1ADB80BB000E8025 /* PrefixHeader.pch */,
			);
			name = "Supporting Files";
			sourceTree = "<group>";
		};
		2DE263861ADB7CD500434561 /* starter-kitTests */ = {
			isa = PBXGroup;
			children = (
				2DE263891ADB7CD500434561 /* starter_kitTests.m */,
				2DE263871ADB7CD500434561 /* Supporting Files */,
			);
			path = "starter-kitTests";
			sourceTree = "<group>";
		};
		2DE263871ADB7CD500434561 /* Supporting Files */ = {
			isa = PBXGroup;
			children = (
				2DE263881ADB7CD500434561 /* Info.plist */,
			);
			name = "Supporting Files";
			sourceTree = "<group>";
		};
		60001F6223CF78A9A3964E82 /* Frameworks */ = {
			isa = PBXGroup;
			children = (
				B96D66B2D9297B7731BBCC99 /* libPods.a */,
			);
			name = Frameworks;
			sourceTree = "<group>";
		};
		98EED5B04A180294CD0F198D /* Pods */ = {
			isa = PBXGroup;
			children = (
				B58C64F1D2DF50E86F534D6A /* Pods.debug.xcconfig */,
				6999E117A12B6101BFC884F3 /* Pods.release.xcconfig */,
			);
			name = Pods;
			sourceTree = "<group>";
		};
/* End PBXGroup section */

/* Begin PBXNativeTarget section */
		2DE263691ADB7CD500434561 /* starter-kit */ = {
			isa = PBXNativeTarget;
			buildConfigurationList = 2DE2638D1ADB7CD500434561 /* Build configuration list for PBXNativeTarget "starter-kit" */;
			buildPhases = (
				A085D05A1AB3E150283F6F34 /* Check Pods Manifest.lock */,
				2DE263661ADB7CD500434561 /* Sources */,
				2DE263671ADB7CD500434561 /* Frameworks */,
				2DE263681ADB7CD500434561 /* Resources */,
				9A746ED00778C391A004AD7A /* Copy Pods Resources */,
			);
			buildRules = (
			);
			dependencies = (
			);
			name = "starter-kit";
			productName = "starter-kit";
			productReference = 2DE2636A1ADB7CD500434561 /* starter-kit.app */;
			productType = "com.apple.product-type.application";
		};
		2DE263821ADB7CD500434561 /* starter-kitTests */ = {
			isa = PBXNativeTarget;
			buildConfigurationList = 2DE263901ADB7CD500434561 /* Build configuration list for PBXNativeTarget "starter-kitTests" */;
			buildPhases = (
				2DE2637F1ADB7CD500434561 /* Sources */,
				2DE263801ADB7CD500434561 /* Frameworks */,
				2DE263811ADB7CD500434561 /* Resources */,
			);
			buildRules = (
			);
			dependencies = (
				2DE263851ADB7CD500434561 /* PBXTargetDependency */,
			);
			name = "starter-kitTests";
			productName = "starter-kitTests";
			productReference = 2DE263831ADB7CD500434561 /* starter-kitTests.xctest */;
			productType = "com.apple.product-type.bundle.unit-test";
		};
/* End PBXNativeTarget section */

/* Begin PBXProject section */
		2DE263621ADB7CD500434561 /* Project object */ = {
			isa = PBXProject;
			attributes = {
				LastUpgradeCheck = 0630;
				ORGANIZATIONNAME = daretodream;
				TargetAttributes = {
					2DE263691ADB7CD500434561 = {
						CreatedOnToolsVersion = 6.3;
					};
					2DE263821ADB7CD500434561 = {
						CreatedOnToolsVersion = 6.3;
						TestTargetID = 2DE263691ADB7CD500434561;
					};
				};
			};
			buildConfigurationList = 2DE263651ADB7CD500434561 /* Build configuration list for PBXProject "starter-kit" */;
			compatibilityVersion = "Xcode 3.2";
			developmentRegion = English;
			hasScannedForEncodings = 0;
			knownRegions = (
				en,
				Base,
			);
			mainGroup = 2DE263611ADB7CD500434561;
			productRefGroup = 2DE2636B1ADB7CD500434561 /* Products */;
			projectDirPath = "";
			projectRoot = "";
			targets = (
				2DE263691ADB7CD500434561 /* starter-kit */,
				2DE263821ADB7CD500434561 /* starter-kitTests */,
			);
		};
/* End PBXProject section */

/* Begin PBXResourcesBuildPhase section */
		2DE263681ADB7CD500434561 /* Resources */ = {
			isa = PBXResourcesBuildPhase;
			buildActionMask = 2147483647;
			files = (
				2DE263971ADB7F6900434561 /* Podfile in Resources */,
				2DE2637E1ADB7CD500434561 /* LaunchScreen.xib in Resources */,
				2DE2637B1ADB7CD500434561 /* Images.xcassets in Resources */,
			);
			runOnlyForDeploymentPostprocessing = 0;
		};
		2DE263811ADB7CD500434561 /* Resources */ = {
			isa = PBXResourcesBuildPhase;
			buildActionMask = 2147483647;
			files = (
			);
			runOnlyForDeploymentPostprocessing = 0;
		};
/* End PBXResourcesBuildPhase section */

/* Begin PBXShellScriptBuildPhase section */
		9A746ED00778C391A004AD7A /* Copy Pods Resources */ = {
			isa = PBXShellScriptBuildPhase;
			buildActionMask = 2147483647;
			files = (
			);
			inputPaths = (
			);
			name = "Copy Pods Resources";
			outputPaths = (
			);
			runOnlyForDeploymentPostprocessing = 0;
			shellPath = /bin/sh;
			shellScript = "\"${SRCROOT}/Pods/Target Support Files/Pods/Pods-resources.sh\"\n";
			showEnvVarsInLog = 0;
		};
		A085D05A1AB3E150283F6F34 /* Check Pods Manifest.lock */ = {
			isa = PBXShellScriptBuildPhase;
			buildActionMask = 2147483647;
			files = (
			);
			inputPaths = (
			);
			name = "Check Pods Manifest.lock";
			outputPaths = (
			);
			runOnlyForDeploymentPostprocessing = 0;
			shellPath = /bin/sh;
			shellScript = "diff \"${PODS_ROOT}/../Podfile.lock\" \"${PODS_ROOT}/Manifest.lock\" > /dev/null\nif [[ $? != 0 ]] ; then\n    cat << EOM\nerror: The sandbox is not in sync with the Podfile.lock. Run 'pod install' or update your CocoaPods installation.\nEOM\n    exit 1\nfi\n";
			showEnvVarsInLog = 0;
		};
/* End PBXShellScriptBuildPhase section */

/* Begin PBXSourcesBuildPhase section */
		2DE263661ADB7CD500434561 /* Sources */ = {
			isa = PBXSourcesBuildPhase;
			buildActionMask = 2147483647;
			files = (
				2DE263731ADB7CD500434561 /* AppDelegate.m in Sources */,
				2DE263951ADB7E2D00434561 /* HomeController.m in Sources */,
				2DE263701ADB7CD500434561 /* main.m in Sources */,
			);
			runOnlyForDeploymentPostprocessing = 0;
		};
		2DE2637F1ADB7CD500434561 /* Sources */ = {
			isa = PBXSourcesBuildPhase;
			buildActionMask = 2147483647;
			files = (
				2DE2638A1ADB7CD500434561 /* starter_kitTests.m in Sources */,
			);
			runOnlyForDeploymentPostprocessing = 0;
		};
/* End PBXSourcesBuildPhase section */

/* Begin PBXTargetDependency section */
		2DE263851ADB7CD500434561 /* PBXTargetDependency */ = {
			isa = PBXTargetDependency;
			target = 2DE263691ADB7CD500434561 /* starter-kit */;
			targetProxy = 2DE263841ADB7CD500434561 /* PBXContainerItemProxy */;
		};
/* End PBXTargetDependency section */

/* Begin PBXVariantGroup section */
		2DE2637C1ADB7CD500434561 /* LaunchScreen.xib */ = {
			isa = PBXVariantGroup;
			children = (
				2DE2637D1ADB7CD500434561 /* Base */,
			);
			name = LaunchScreen.xib;
			sourceTree = "<group>";
		};
/* End PBXVariantGroup section */

/* Begin XCBuildConfiguration section */
		2DE2638B1ADB7CD500434561 /* Debug */ = {
			isa = XCBuildConfiguration;
			buildSettings = {
				ALWAYS_SEARCH_USER_PATHS = NO;
				CLANG_CXX_LANGUAGE_STANDARD = "gnu++0x";
				CLANG_CXX_LIBRARY = "libc++";
				CLANG_ENABLE_MODULES = YES;
				CLANG_ENABLE_OBJC_ARC = YES;
				CLANG_WARN_BOOL_CONVERSION = YES;
				CLANG_WARN_CONSTANT_CONVERSION = YES;
				CLANG_WARN_DIRECT_OBJC_ISA_USAGE = YES_ERROR;
				CLANG_WARN_EMPTY_BODY = YES;
				CLANG_WARN_ENUM_CONVERSION = YES;
				CLANG_WARN_INT_CONVERSION = YES;
				CLANG_WARN_OBJC_ROOT_CLASS = YES_ERROR;
				CLANG_WARN_UNREACHABLE_CODE = YES;
				CLANG_WARN__DUPLICATE_METHOD_MATCH = YES;
				"CODE_SIGN_IDENTITY[sdk=iphoneos*]" = "iPhone Developer";
				COPY_PHASE_STRIP = NO;
				DEBUG_INFORMATION_FORMAT = "dwarf-with-dsym";
				ENABLE_STRICT_OBJC_MSGSEND = YES;
				GCC_C_LANGUAGE_STANDARD = gnu99;
				GCC_DYNAMIC_NO_PIC = NO;
				GCC_NO_COMMON_BLOCKS = YES;
				GCC_OPTIMIZATION_LEVEL = 0;
				GCC_PREPROCESSOR_DEFINITIONS = (
					"DEBUG=1",
					"$(inherited)",
				);
				GCC_SYMBOLS_PRIVATE_EXTERN = NO;
				GCC_WARN_64_TO_32_BIT_CONVERSION = YES;
				GCC_WARN_ABOUT_RETURN_TYPE = YES_ERROR;
				GCC_WARN_UNDECLARED_SELECTOR = YES;
				GCC_WARN_UNINITIALIZED_AUTOS = YES_AGGRESSIVE;
				GCC_WARN_UNUSED_FUNCTION = YES;
				GCC_WARN_UNUSED_VARIABLE = YES;
				IPHONEOS_DEPLOYMENT_TARGET = 8.3;
				MTL_ENABLE_DEBUG_INFO = YES;
				ONLY_ACTIVE_ARCH = YES;
				SDKROOT = iphoneos;
			};
			name = Debug;
		};
		2DE2638C1ADB7CD500434561 /* Release */ = {
			isa = XCBuildConfiguration;
			buildSettings = {
				ALWAYS_SEARCH_USER_PATHS = NO;
				CLANG_CXX_LANGUAGE_STANDARD = "gnu++0x";
				CLANG_CXX_LIBRARY = "libc++";
				CLANG_ENABLE_MODULES = YES;
				CLANG_ENABLE_OBJC_ARC = YES;
				CLANG_WARN_BOOL_CONVERSION = YES;
				CLANG_WARN_CONSTANT_CONVERSION = YES;
				CLANG_WARN_DIRECT_OBJC_ISA_USAGE = YES_ERROR;
				CLANG_WARN_EMPTY_BODY = YES;
				CLANG_WARN_ENUM_CONVERSION = YES;
				CLANG_WARN_INT_CONVERSION = YES;
				CLANG_WARN_OBJC_ROOT_CLASS = YES_ERROR;
				CLANG_WARN_UNREACHABLE_CODE = YES;
				CLANG_WARN__DUPLICATE_METHOD_MATCH = YES;
				"CODE_SIGN_IDENTITY[sdk=iphoneos*]" = "iPhone Developer";
				COPY_PHASE_STRIP = NO;
				DEBUG_INFORMATION_FORMAT = "dwarf-with-dsym";
				ENABLE_NS_ASSERTIONS = NO;
				ENABLE_STRICT_OBJC_MSGSEND = YES;
				GCC_C_LANGUAGE_STANDARD = gnu99;
				GCC_NO_COMMON_BLOCKS = YES;
				GCC_WARN_64_TO_32_BIT_CONVERSION = YES;
				GCC_WARN_ABOUT_RETURN_TYPE = YES_ERROR;
				GCC_WARN_UNDECLARED_SELECTOR = YES;
				GCC_WARN_UNINITIALIZED_AUTOS = YES_AGGRESSIVE;
				GCC_WARN_UNUSED_FUNCTION = YES;
				GCC_WARN_UNUSED_VARIABLE = YES;
				IPHONEOS_DEPLOYMENT_TARGET = 8.3;
				MTL_ENABLE_DEBUG_INFO = NO;
				SDKROOT = iphoneos;
				VALIDATE_PRODUCT = YES;
			};
			name = Release;
		};
		2DE2638E1ADB7CD500434561 /* Debug */ = {
			isa = XCBuildConfiguration;
			baseConfigurationReference = B58C64F1D2DF50E86F534D6A /* Pods.debug.xcconfig */;
			buildSettings = {
				ASSETCATALOG_COMPILER_APPICON_NAME = AppIcon;
				GCC_PRECOMPILE_PREFIX_HEADER = YES;
				GCC_PREFIX_HEADER = "starter-kit/PrefixHeader.pch";
				INFOPLIST_FILE = "starter-kit/Info.plist";
				LD_RUNPATH_SEARCH_PATHS = "$(inherited) @executable_path/Frameworks";
				PRODUCT_NAME = "$(TARGET_NAME)";
			};
			name = Debug;
		};
		2DE2638F1ADB7CD500434561 /* Release */ = {
			isa = XCBuildConfiguration;
			baseConfigurationReference = 6999E117A12B6101BFC884F3 /* Pods.release.xcconfig */;
			buildSettings = {
				ASSETCATALOG_COMPILER_APPICON_NAME = AppIcon;
				GCC_PRECOMPILE_PREFIX_HEADER = YES;
				GCC_PREFIX_HEADER = "starter-kit/PrefixHeader.pch";
				INFOPLIST_FILE = "starter-kit/Info.plist";
				LD_RUNPATH_SEARCH_PATHS = "$(inherited) @executable_path/Frameworks";
				PRODUCT_NAME = "$(TARGET_NAME)";
			};
			name = Release;
		};
		2DE263911ADB7CD500434561 /* Debug */ = {
			isa = XCBuildConfiguration;
			buildSettings = {
				BUNDLE_LOADER = "$(TEST_HOST)";
				FRAMEWORK_SEARCH_PATHS = (
					"$(SDKROOT)/Developer/Library/Frameworks",
					"$(inherited)",
				);
				GCC_PREPROCESSOR_DEFINITIONS = (
					"DEBUG=1",
					"$(inherited)",
				);
				INFOPLIST_FILE = "starter-kitTests/Info.plist";
				LD_RUNPATH_SEARCH_PATHS = "$(inherited) @executable_path/Frameworks @loader_path/Frameworks";
				PRODUCT_NAME = "$(TARGET_NAME)";
				TEST_HOST = "$(BUILT_PRODUCTS_DIR)/starter-kit.app/starter-kit";
			};
			name = Debug;
		};
		2DE263921ADB7CD500434561 /* Release */ = {
			isa = XCBuildConfiguration;
			buildSettings = {
				BUNDLE_LOADER = "$(TEST_HOST)";
				FRAMEWORK_SEARCH_PATHS = (
					"$(SDKROOT)/Developer/Library/Frameworks",
					"$(inherited)",
				);
				INFOPLIST_FILE = "starter-kitTests/Info.plist";
				LD_RUNPATH_SEARCH_PATHS = "$(inherited) @executable_path/Frameworks @loader_path/Frameworks";
				PRODUCT_NAME = "$(TARGET_NAME)";
				TEST_HOST = "$(BUILT_PRODUCTS_DIR)/starter-kit.app/starter-kit";
			};
			name = Release;
		};
/* End XCBuildConfiguration section */

/* Begin XCConfigurationList section */
		2DE263651ADB7CD500434561 /* Build configuration list for PBXProject "starter-kit" */ = {
			isa = XCConfigurationList;
			buildConfigurations = (
				2DE2638B1ADB7CD500434561 /* Debug */,
				2DE2638C1ADB7CD500434561 /* Release */,
			);
			defaultConfigurationIsVisible = 0;
			defaultConfigurationName = Release;
		};
		2DE2638D1ADB7CD500434561 /* Build configuration list for PBXNativeTarget "starter-kit" */ = {
			isa = XCConfigurationList;
			buildConfigurations = (
				2DE2638E1ADB7CD500434561 /* Debug */,
				2DE2638F1ADB7CD500434561 /* Release */,
			);
			defaultConfigurationIsVisible = 0;
			defaultConfigurationName = Release;
		};
		2DE263901ADB7CD500434561 /* Build configuration list for PBXNativeTarget "starter-kitTests" */ = {
			isa = XCConfigurationList;
			buildConfigurations = (
				2DE263911ADB7CD500434561 /* Debug */,
				2DE263921ADB7CD500434561 /* Release */,
			);
			defaultConfigurationIsVisible = 0;
			defaultConfigurationName = Release;
		};
/* End XCConfigurationList section */
	};
	rootObject = 2DE263621ADB7CD500434561 /* Project object */;
}
